{
    "name": "@outliner/shared",
    "version": "1.0.0",
    "lockfileVersion": 3,
    "requires": true,
    "packages": {
        "": {
            "name": "@outliner/shared",
            "version": "1.0.0",
            "dependencies": {
                "rrule": "^2.8.1",
                "uuid": "^14.0.1",
                "yjs": "^13.6.31",
                "yjs-orderedtree": "^1.0.1-beta.3"
            }
        },
        "node_modules/dom-walk": {
            "version": "0.1.2",
            "resolved": "https://registry.npmjs.org/dom-walk/-/dom-walk-0.1.2.tgz",
            "integrity": "sha512-6QvTW9mrGeIegrFXdtQi9pk7O/nSK6lSdXW2eqUspN5LWD7UTji2Fqw5V2YLjBpHEoU9Xl/eUWNpDeZvoyOv2w=="
        },
        "node_modules/global": {
            "version": "4.4.0",
            "resolved": "https://registry.npmjs.org/global/-/global-4.4.0.tgz",
            "integrity": "sha512-wv/LAoHdRE3BeTGz53FAamhGlPLhlssK45usmGFThIi4XqnBmjKQ16u+RNbP7WvigRZDxUsM0J3gcQ5yicaL0w==",
            "license": "MIT",
            "dependencies": {
                "min-document": "^2.19.0",
                "process": "^0.11.10"
            }
        },
        "node_modules/heap-js": {
            "version": "2.7.1",
            "resolved": "https://registry.npmjs.org/heap-js/-/heap-js-2.7.1.tgz",
            "integrity": "sha512-EQfezRg0NCZGNlhlDR3Evrw1FVL2G3LhU7EgPoxufQKruNBSYA8MiRPHeWbU+36o+Fhel0wMwM+sLEiBAlNLJA==",
            "license": "BSD-3-Clause",
            "engines": {
                "node": ">=10.0.0"
            }
        },
        "node_modules/isomorphic.js": {
            "version": "0.2.5",
            "resolved": "https://registry.npmjs.org/isomorphic.js/-/isomorphic.js-0.2.5.tgz",
            "integrity": "sha512-PIeMbHqMt4DnUP3MA/Flc0HElYjMXArsw1qwJZcm9sqR8mq3l8NYizFMty0pWwE/tzIGH3EKK5+jes5mAr85yw==",
            "license": "MIT",
            "funding": {
                "type": "GitHub Sponsors ❤",
                "url": "https://github.com/sponsors/dmonad"
            }
        },
        "node_modules/lib0": {
            "version": "0.2.117",
            "resolved": "https://registry.npmjs.org/lib0/-/lib0-0.2.117.tgz",
            "integrity": "sha512-DeXj9X5xDCjgKLU/7RR+/HQEVzuuEUiwldwOGsHK/sfAfELGWEyTcf0x+uOvCvK3O2zPmZePXWL85vtia6GyZw==",
            "license": "MIT",
            "dependencies": {
                "isomorphic.js": "^0.2.4"
            },
            "bin": {
                "0ecdsa-generate-keypair": "bin/0ecdsa-generate-keypair.js",
                "0gentesthtml": "bin/gentesthtml.js",
                "0serve": "bin/0serve.js"
            },
            "engines": {
                "node": ">=16"
            },
            "funding": {
                "type": "GitHub Sponsors ❤",
                "url": "https://github.com/sponsors/dmonad"
            }
        },
        "node_modules/min-document": {
            "version": "2.19.2",
            "resolved": "https://registry.npmjs.org/min-document/-/min-document-2.19.2.tgz",
            "integrity": "sha512-8S5I8db/uZN8r9HSLFVWPdJCvYOejMcEC82VIzNUc6Zkklf/d1gg2psfE79/vyhWOj4+J8MtwmoOz3TmvaGu5A==",
            "license": "MIT",
            "dependencies": {
                "dom-walk": "^0.1.0"
            }
        },
        "node_modules/process": {
            "version": "0.11.10",
            "resolved": "https://registry.npmjs.org/process/-/process-0.11.10.tgz",
            "integrity": "sha512-cdGef/drWFoydD1JsMzuFf8100nZl+GT+yacc2bEced5f9Rjk4z+WtFUTBu9PhOi9j/jfmBPu0mMEY4wIdAF8A==",
            "license": "MIT",
            "engines": {
                "node": ">= 0.6.0"
            }
        },
        "node_modules/rrule": {
            "version": "2.8.1",
            "resolved": "https://registry.npmjs.org/rrule/-/rrule-2.8.1.tgz",
            "integrity": "sha512-hM3dHSBMeaJ0Ktp7W38BJZ7O1zOgaFEsn41PDk+yHoEtfLV+PoJt9E9xAlZiWgf/iqEqionN0ebHFZIDAp+iGw==",
            "license": "BSD-3-Clause",
            "dependencies": {
                "tslib": "^2.4.0"
            }
        },
        "node_modules/tslib": {
            "version": "2.8.1",
            "resolved": "https://registry.npmjs.org/tslib/-/tslib-2.8.1.tgz",
            "integrity": "sha512-oJFu94HQb+KVduSUQL7wnpmqnfmLsOA/nAh6b6EH0wCEoK0/mPeXU6c3wKDV83MkOuHPRHtSXKKU99IBazS/2w==",
            "license": "0BSD"
        },
        "node_modules/uuid": {
            "version": "14.0.1",
            "resolved": "https://registry.npmjs.org/uuid/-/uuid-14.0.1.tgz",
            "integrity": "sha512-6ZxzVpzDXDa3bJWaHilVayA+BH/1zmxCJoVgvmqJnid/gPoKHxUrS/aC/T6LGQtNHT+XHG9fXPJB4d+IrU30Ew==",
            "funding": [
                "https://github.com/sponsors/broofa",
                "https://github.com/sponsors/ctavan"
            ],
            "license": "MIT",
            "bin": {
                "uuid": "dist-node/bin/uuid"
            }
        },
        "node_modules/yjs": {
            "version": "13.6.31",
            "resolved": "https://registry.npmjs.org/yjs/-/yjs-13.6.31.tgz",
            "integrity": "sha512-Eq+5BRfbeGyqGVrTJL3bEcr8gKkxPuyuoHmAwpk52fDb8kOVMrfVSTRPd6yiGgX5Fskb96qCRjzjbRjrL4YEnw==",
            "license": "MIT",
            "dependencies": {
                "lib0": "^0.2.99"
            },
            "engines": {
                "node": ">=16.0.0",
                "npm": ">=8.0.0"
            },
            "funding": {
                "type": "GitHub Sponsors ❤",
                "url": "https://github.com/sponsors/dmonad"
            }
        },
        "node_modules/yjs-orderedtree": {
            "version": "1.0.1-beta.3",
            "resolved": "https://registry.npmjs.org/yjs-orderedtree/-/yjs-orderedtree-1.0.1-beta.3.tgz",
            "integrity": "sha512-VHIstDLaVvrsc0u96tgQnsD2/usNEXCZI9AUX2eh747+xmWGNvs7Ud6lf2bQ67TO0lDzojoCvMIFtujMaxgW/A==",
            "license": "MIT",
            "dependencies": {
                "global": "^4.4.0",
                "heap-js": "^2.6.0",
                "lib0": "^0.2.99"
            },
            "engines": {
                "node": ">=16.0.0",
                "npm": ">=8.0.0"
            },
            "peerDependencies": {
                "yjs": "^13.6.23"
            }
        }
    }
}
